NeoBundleLock ag.vim d3a00f8affb091e7a14eb34f1beb9db9bb57a4bf
NeoBundleLock base16-vim f1d39f39cf5944ae4eea1fe02a4baa6a36f10577
NeoBundleLock ctrlp.vim c1646e3c28d75bcc834af4836f4c6e12296ba891
NeoBundleLock Dockerfile.vim 2070a696ebd55a10d3984b93cf5942ee85cbbc13
NeoBundleLock investigate.vim a8d45386d866c3f98681dddcec6076c216c5b21d
NeoBundleLock molokai db8ce13b3737d3ddea8368498183d7c204a762eb
NeoBundleLock nerdcommenter 902faedee2f880481bbdb52b8ef0b499e75b6204
NeoBundleLock nerdtree 205367ab3f46dcc88b6ebb819a276e793a21e995
NeoBundleLock salt-vim 20695f68e5895e5ae2b5884b78f5a2cd29897b05
NeoBundleLock supertab 3e4274296be382779a40ea8a762cdd692c456c94
NeoBundleLock switch.vim 08ec9125cfd405946284693696b249a5ca19e07b
NeoBundleLock syntastic f88b5c74c9c8c67b1cdb287dc34b52539c7e4854
NeoBundleLock ultisnips 1b21741a2d3346886f6e654489f5a063ca56eb2e
NeoBundleLock vim-airline 5976cf3a48f293069a3957f393c44fb807136c43
NeoBundleLock vim-blockle 6b173eb87e10f81201886a4c03318a04fdadaca4
NeoBundleLock vim-buffergator 1af5a63cad1f994d130d662d06f335d1233c8b5b
NeoBundleLock vim-bundler 4091a9a2d98ad3bad79a1c2f8acdc24bbf7e309b
NeoBundleLock vim-coffee-script 6730283d47dfcfa4f5baa11915a0bcb7ad68d9e9
NeoBundleLock vim-colorschemes 28a989b28457e38df620e4c7ab23e224aff70efe
NeoBundleLock vim-easymotion 734feaede8c8e40104e160f78879fd29c536c780
NeoBundleLock vim-ember-script 55b583feb9cd627154b2a52d6bd9706e136c1b39
NeoBundleLock vim-emblem 169e4692e09ce89eb84aab550ca71465329adef1
NeoBundleLock vim-eunuch 16f64343eb1d37b7f42f7da6460d45262b9d68e5
NeoBundleLock vim-fugitive 95478543b2637083e45f4656eb24eb34b17e72af
NeoBundleLock vim-git 59e1cdfe3cb421e33bb8e5b2dc2c248c5452ede0
NeoBundleLock vim-gitgutter 39f011909620e0c7ae555efdace20c3963ac88af
NeoBundleLock vim-go 9ebbbb512c6032ca5481b62b358a597b59ff9070
NeoBundleLock vim-gocode b9604176dc910ec6e32301eb9cdd431a9c9887a4
NeoBundleLock vim-haml 204e32721154766e03e99ff857bc798aa5b741dc
NeoBundleLock vim-markdown a1269743664a9dfc395047ba0ac9d285d860e38e
NeoBundleLock vim-multiple-cursors 4f98d30100bb5db12f8857a971727c96cba73e75
NeoBundleLock vim-preview cf77772cef4bc0d7a38469936c19cf256844271b
NeoBundleLock vim-rails 05c6de95a8975f3f0b32d32dea4537a1482673f3
NeoBundleLock vim-ruby 6ba4a637b3adbd7325d088d604928717c9284295
NeoBundleLock vim-sensible c49cc726162557cb11e9f9ce77087020f85b30fa
NeoBundleLock vim-slim 0daaa8581f9a9968cebbc7d14ae9acf1625c0389
NeoBundleLock vim-stylus 4536d6414922925d32e76af352319b125d481536
NeoBundleLock vim-tmux-navigator 57b289fda5be654891a968298fde174e0c4e33c7
NeoBundleLock vim-trailing-whitespace 1d1edeb0294d20e14e2a48ebd85d91be8102758a
NeoBundleLock ZoomWin bc836a9a8a0d753d0b15cd3c96c11b5e67ddcb0e
