NeoBundleLock ag.vim d3a00f8affb091e7a14eb34f1beb9db9bb57a4bf
NeoBundleLock base16-vim f1d39f39cf5944ae4eea1fe02a4baa6a36f10577
NeoBundleLock ctrlp.vim c1646e3c28d75bcc834af4836f4c6e12296ba891
NeoBundleLock Dockerfile.vim 2070a696ebd55a10d3984b93cf5942ee85cbbc13
NeoBundleLock investigate.vim a8d45386d866c3f98681dddcec6076c216c5b21d
NeoBundleLock molokai db8ce13b3737d3ddea8368498183d7c204a762eb
NeoBundleLock neobundle.vim 4c9a273fd085db60368b3f0fe5a4f2acf2c121df
NeoBundleLock nerdcommenter 902faedee2f880481bbdb52b8ef0b499e75b6204
NeoBundleLock nerdtree 205367ab3f46dcc88b6ebb819a276e793a21e995
NeoBundleLock salt-vim 20695f68e5895e5ae2b5884b78f5a2cd29897b05
NeoBundleLock supertab 3a0d7221efd7c408c1abae20299fd4ffa0a43cbf
NeoBundleLock switch.vim 08ec9125cfd405946284693696b249a5ca19e07b
NeoBundleLock syntastic f88b5c74c9c8c67b1cdb287dc34b52539c7e4854
NeoBundleLock ultisnips 1b21741a2d3346886f6e654489f5a063ca56eb2e
NeoBundleLock vim-airline 5976cf3a48f293069a3957f393c44fb807136c43
NeoBundleLock vim-blockle 6b173eb87e10f81201886a4c03318a04fdadaca4
NeoBundleLock vim-buffergator ffda918c2951c49057d337eda49d1f0a82cfd1b5
NeoBundleLock vim-bundler 7b6cf507d2d33f4d88d07de905a6779ced8ecbc7
NeoBundleLock vim-coffee-script 8fa59f789ab84b44ff6d1243ba5858b2b4ab07ae
NeoBundleLock vim-colorschemes 28a989b28457e38df620e4c7ab23e224aff70efe
NeoBundleLock vim-easymotion 0349345042a1750a10f1bbbc7061c43fe76e36fd
NeoBundleLock vim-elixir 7707db342d49ffca3e0046260405eeaa35df5a82
NeoBundleLock vim-ember-script 652d2ededf0a640e3d06f30ed86e6c1e6ffb7d2c
NeoBundleLock vim-emblem fe6f0186df45b789dc4ba93714a975faf5e95cc1
NeoBundleLock vim-endwise 0067ceda37725d01b7bd5bf249d63b1b5d4e2ab4
NeoBundleLock vim-eunuch 16f64343eb1d37b7f42f7da6460d45262b9d68e5
NeoBundleLock vim-fugitive 34719016ec934609387e90804ad49b3d221f0b19
NeoBundleLock vim-git 290f5994e56477e50fe3fc0acfcb0d5973b81785
NeoBundleLock vim-gitgutter 39f011909620e0c7ae555efdace20c3963ac88af
NeoBundleLock vim-haml 204e32721154766e03e99ff857bc798aa5b741dc
NeoBundleLock vim-jade fb47bb8303e81fc17b4340ccd01a462332f7d90a
NeoBundleLock vim-localorie 9f7cea43c24026832a0c28edec8bb7ea92173fbd
NeoBundleLock vim-markdown a1269743664a9dfc395047ba0ac9d285d860e38e
NeoBundleLock vim-maximizer 2e54952fe91e140a2e69f35f22131219fcd9c5f1
NeoBundleLock vim-multiple-cursors 1f1bd0eaacba318ef31d7844c412b7ea6431fed3
NeoBundleLock vim-orgmode 8a5cb51fbb8d89b0151833a6deb654929818a964
NeoBundleLock vim-preview cf77772cef4bc0d7a38469936c19cf256844271b
NeoBundleLock vim-rails 5a8e95dbb9b0d00dae9d7d7fca17725b614ff300
NeoBundleLock vim-ruby 6ba4a637b3adbd7325d088d604928717c9284295
NeoBundleLock vim-sensible 98a6555e4a26451145c2739052e124b88da99eac
NeoBundleLock vim-slim 0daaa8581f9a9968cebbc7d14ae9acf1625c0389
NeoBundleLock vim-speeddating a418667791f03694065948342f2d6c5cca8d0f32
NeoBundleLock vim-stylus d28d8711b0b8b6616b2fd2b8faab74822be24165
NeoBundleLock vim-tmux-navigator 57b289fda5be654891a968298fde174e0c4e33c7
NeoBundleLock vim-trailing-whitespace 89a457addf420123c6231c11d02edad96db7fb88
